// !$*UTF8*$!
{
	archiveVersion = 1;
	classes = {
	};
	objectVersion = 48;
	objects = {

/* Begin PBXBuildFile section */
		D67641651FD2BC5F00759B90 /* AppDelegate.swift in Sources */ = {isa = PBXBuildFile; fileRef = D67641641FD2BC5F00759B90 /* AppDelegate.swift */; };
		D67641671FD2BC5F00759B90 /* ViewController.swift in Sources */ = {isa = PBXBuildFile; fileRef = D67641661FD2BC5F00759B90 /* ViewController.swift */; };
		D676416A1FD2BC5F00759B90 /* Main.storyboard in Resources */ = {isa = PBXBuildFile; fileRef = D67641681FD2BC5F00759B90 /* Main.storyboard */; };
		D676416C1FD2BC5F00759B90 /* Assets.xcassets in Resources */ = {isa = PBXBuildFile; fileRef = D676416B1FD2BC5F00759B90 /* Assets.xcassets */; };
		D676416F1FD2BC5F00759B90 /* LaunchScreen.storyboard in Resources */ = {isa = PBXBuildFile; fileRef = D676416D1FD2BC5F00759B90 /* LaunchScreen.storyboard */; };
		D676417A1FD2BC5F00759B90 /* VirtualTouristTests.swift in Sources */ = {isa = PBXBuildFile; fileRef = D67641791FD2BC5F00759B90 /* VirtualTouristTests.swift */; };
		D67641851FD2BC5F00759B90 /* VirtualTouristUITests.swift in Sources */ = {isa = PBXBuildFile; fileRef = D67641841FD2BC5F00759B90 /* VirtualTouristUITests.swift */; };
/* End PBXBuildFile section */

/* Begin PBXContainerItemProxy section */
		D67641761FD2BC5F00759B90 /* PBXContainerItemProxy */ = {
			isa = PBXContainerItemProxy;
			containerPortal = D67641591FD2BC5F00759B90 /* Project object */;
			proxyType = 1;
			remoteGlobalIDString = D67641601FD2BC5F00759B90;
			remoteInfo = VirtualTourist;
		};
		D67641811FD2BC5F00759B90 /* PBXContainerItemProxy */ = {
			isa = PBXContainerItemProxy;
			containerPortal = D67641591FD2BC5F00759B90 /* Project object */;
			proxyType = 1;
			remoteGlobalIDString = D67641601FD2BC5F00759B90;
			remoteInfo = VirtualTourist;
		};
/* End PBXContainerItemProxy section */

/* Begin PBXFileReference section */
		D67641611FD2BC5F00759B90 /* VirtualTourist.app */ = {isa = PBXFileReference; explicitFileType = wrapper.application; includeInIndex = 0; path = VirtualTourist.app; sourceTree = BUILT_PRODUCTS_DIR; };
		D67641641FD2BC5F00759B90 /* AppDelegate.swift */ = {isa = PBXFileReference; lastKnownFileType = sourcecode.swift; path = AppDelegate.swift; sourceTree = "<group>"; };
		D67641661FD2BC5F00759B90 /* ViewController.swift */ = {isa = PBXFileReference; lastKnownFileType = sourcecode.swift; path = ViewController.swift; sourceTree = "<group>"; };
		D67641691FD2BC5F00759B90 /* Base */ = {isa = PBXFileReference; lastKnownFileType = file.storyboard; name = Base; path = Base.lproj/Main.storyboard; sourceTree = "<group>"; };
		D676416B1FD2BC5F00759B90 /* Assets.xcassets */ = {isa = PBXFileReference; lastKnownFileType = folder.assetcatalog; path = Assets.xcassets; sourceTree = "<group>"; };
		D676416E1FD2BC5F00759B90 /* Base */ = {isa = PBXFileReference; lastKnownFileType = file.storyboard; name = Base; path = Base.lproj/LaunchScreen.storyboard; sourceTree = "<group>"; };
		D67641701FD2BC5F00759B90 /* Info.plist */ = {isa = PBXFileReference; lastKnownFileType = text.plist.xml; path = Info.plist; sourceTree = "<group>"; };
		D67641751FD2BC5F00759B90 /* VirtualTouristTests.xctest */ = {isa = PBXFileReference; explicitFileType = wrapper.cfbundle; includeInIndex = 0; path = VirtualTouristTests.xctest; sourceTree = BUILT_PRODUCTS_DIR; };
		D67641791FD2BC5F00759B90 /* VirtualTouristTests.swift */ = {isa = PBXFileReference; lastKnownFileType = sourcecode.swift; path = VirtualTouristTests.swift; sourceTree = "<group>"; };
		D676417B1FD2BC5F00759B90 /* Info.plist */ = {isa = PBXFileReference; lastKnownFileType = text.plist.xml; path = Info.plist; sourceTree = "<group>"; };
		D67641801FD2BC5F00759B90 /* VirtualTouristUITests.xctest */ = {isa = PBXFileReference; explicitFileType = wrapper.cfbundle; includeInIndex = 0; path = VirtualTouristUITests.xctest; sourceTree = BUILT_PRODUCTS_DIR; };
		D67641841FD2BC5F00759B90 /* VirtualTouristUITests.swift */ = {isa = PBXFileReference; lastKnownFileType = sourcecode.swift; path = VirtualTouristUITests.swift; sourceTree = "<group>"; };
		D67641861FD2BC5F00759B90 /* Info.plist */ = {isa = PBXFileReference; lastKnownFileType = text.plist.xml; path = Info.plist; sourceTree = "<group>"; };
/* End PBXFileReference section */

/* Begin PBXFrameworksBuildPhase section */
		D676415E1FD2BC5F00759B90 /* Frameworks */ = {
			isa = PBXFrameworksBuildPhase;
			buildActionMask = 2147483647;
			files = (
			);
			runOnlyForDeploymentPostprocessing = 0;
		};
		D67641721FD2BC5F00759B90 /* Frameworks */ = {
			isa = PBXFrameworksBuildPhase;
			buildActionMask = 2147483647;
			files = (
			);
			runOnlyForDeploymentPostprocessing = 0;
		};
		D676417D1FD2BC5F00759B90 /* Frameworks */ = {
			isa = PBXFrameworksBuildPhase;
			buildActionMask = 2147483647;
			files = (
			);
			runOnlyForDeploymentPostprocessing = 0;
		};
/* End PBXFrameworksBuildPhase section */

/* Begin PBXGroup section */
		D67641581FD2BC5F00759B90 = {
			isa = PBXGroup;
			children = (
				D67641631FD2BC5F00759B90 /* VirtualTourist */,
				D67641781FD2BC5F00759B90 /* VirtualTouristTests */,
				D67641831FD2BC5F00759B90 /* VirtualTouristUITests */,
				D67641621FD2BC5F00759B90 /* Products */,
			);
			sourceTree = "<group>";
		};
		D67641621FD2BC5F00759B90 /* Products */ = {
			isa = PBXGroup;
			children = (
				D67641611FD2BC5F00759B90 /* VirtualTourist.app */,
				D67641751FD2BC5F00759B90 /* VirtualTouristTests.xctest */,
				D67641801FD2BC5F00759B90 /* VirtualTouristUITests.xctest */,
			);
			name = Products;
			sourceTree = "<group>";
		};
		D67641631FD2BC5F00759B90 /* VirtualTourist */ = {
			isa = PBXGroup;
			children = (
				D67641641FD2BC5F00759B90 /* AppDelegate.swift */,
				D67641661FD2BC5F00759B90 /* ViewController.swift */,
				D67641681FD2BC5F00759B90 /* Main.storyboard */,
				D676416B1FD2BC5F00759B90 /* Assets.xcassets */,
				D676416D1FD2BC5F00759B90 /* LaunchScreen.storyboard */,
				D67641701FD2BC5F00759B90 /* Info.plist */,
			);
			path = VirtualTourist;
			sourceTree = "<group>";
		};
		D67641781FD2BC5F00759B90 /* VirtualTouristTests */ = {
			isa = PBXGroup;
			children = (
				D67641791FD2BC5F00759B90 /* VirtualTouristTests.swift */,
				D676417B1FD2BC5F00759B90 /* Info.plist */,
			);
			path = VirtualTouristTests;
			sourceTree = "<group>";
		};
		D67641831FD2BC5F00759B90 /* VirtualTouristUITests */ = {
			isa = PBXGroup;
			children = (
				D67641841FD2BC5F00759B90 /* VirtualTouristUITests.swift */,
				D67641861FD2BC5F00759B90 /* Info.plist */,
			);
			path = VirtualTouristUITests;
			sourceTree = "<group>";
		};
/* End PBXGroup section */

/* Begin PBXNativeTarget section */
		D67641601FD2BC5F00759B90 /* VirtualTourist */ = {
			isa = PBXNativeTarget;
			buildConfigurationList = D67641891FD2BC5F00759B90 /* Build configuration list for PBXNativeTarget "VirtualTourist" */;
			buildPhases = (
				D676415D1FD2BC5F00759B90 /* Sources */,
				D676415E1FD2BC5F00759B90 /* Frameworks */,
				D676415F1FD2BC5F00759B90 /* Resources */,
			);
			buildRules = (
			);
			dependencies = (
			);
			name = VirtualTourist;
			productName = VirtualTourist;
			productReference = D67641611FD2BC5F00759B90 /* VirtualTourist.app */;
			productType = "com.apple.product-type.application";
		};
		D67641741FD2BC5F00759B90 /* VirtualTouristTests */ = {
			isa = PBXNativeTarget;
			buildConfigurationList = D676418C1FD2BC5F00759B90 /* Build configuration list for PBXNativeTarget "VirtualTouristTests" */;
			buildPhases = (
				D67641711FD2BC5F00759B90 /* Sources */,
				D67641721FD2BC5F00759B90 /* Frameworks */,
				D67641731FD2BC5F00759B90 /* Resources */,
			);
			buildRules = (
			);
			dependencies = (
				D67641771FD2BC5F00759B90 /* PBXTargetDependency */,
			);
			name = VirtualTouristTests;
			productName = VirtualTouristTests;
			productReference = D67641751FD2BC5F00759B90 /* VirtualTouristTests.xctest */;
			productType = "com.apple.product-type.bundle.unit-test";
		};
		D676417F1FD2BC5F00759B90 /* VirtualTouristUITests */ = {
			isa = PBXNativeTarget;
			buildConfigurationList = D676418F1FD2BC5F00759B90 /* Build configuration list for PBXNativeTarget "VirtualTouristUITests" */;
			buildPhases = (
				D676417C1FD2BC5F00759B90 /* Sources */,
				D676417D1FD2BC5F00759B90 /* Frameworks */,
				D676417E1FD2BC5F00759B90 /* Resources */,
			);
			buildRules = (
			);
			dependencies = (
				D67641821FD2BC5F00759B90 /* PBXTargetDependency */,
			);
			name = VirtualTouristUITests;
			productName = VirtualTouristUITests;
			productReference = D67641801FD2BC5F00759B90 /* VirtualTouristUITests.xctest */;
			productType = "com.apple.product-type.bundle.ui-testing";
		};
/* End PBXNativeTarget section */

/* Begin PBXProject section */
		D67641591FD2BC5F00759B90 /* Project object */ = {
			isa = PBXProject;
			attributes = {
				LastSwiftUpdateCheck = 0910;
				LastUpgradeCheck = 0910;
				ORGANIZATIONNAME = "Octavius Delfyette";
				TargetAttributes = {
					D67641601FD2BC5F00759B90 = {
						CreatedOnToolsVersion = 9.1;
						ProvisioningStyle = Automatic;
					};
					D67641741FD2BC5F00759B90 = {
						CreatedOnToolsVersion = 9.1;
						ProvisioningStyle = Automatic;
						TestTargetID = D67641601FD2BC5F00759B90;
					};
					D676417F1FD2BC5F00759B90 = {
						CreatedOnToolsVersion = 9.1;
						ProvisioningStyle = Automatic;
						TestTargetID = D67641601FD2BC5F00759B90;
					};
				};
			};
			buildConfigurationList = D676415C1FD2BC5F00759B90 /* Build configuration list for PBXProject "VirtualTourist" */;
			compatibilityVersion = "Xcode 8.0";
			developmentRegion = en;
			hasScannedForEncodings = 0;
			knownRegions = (
				en,
				Base,
			);
			mainGroup = D67641581FD2BC5F00759B90;
			productRefGroup = D67641621FD2BC5F00759B90 /* Products */;
			projectDirPath = "";
			projectRoot = "";
			targets = (
				D67641601FD2BC5F00759B90 /* VirtualTourist */,
				D67641741FD2BC5F00759B90 /* VirtualTouristTests */,
				D676417F1FD2BC5F00759B90 /* VirtualTouristUITests */,
			);
		};
/* End PBXProject section */

/* Begin PBXResourcesBuildPhase section */
		D676415F1FD2BC5F00759B90 /* Resources */ = {
			isa = PBXResourcesBuildPhase;
			buildActionMask = 2147483647;
			files = (
				D676416F1FD2BC5F00759B90 /* LaunchScreen.storyboard in Resources */,
				D676416C1FD2BC5F00759B90 /* Assets.xcassets in Resources */,
				D676416A1FD2BC5F00759B90 /* Main.storyboard in Resources */,
			);
			runOnlyForDeploymentPostprocessing = 0;
		};
		D67641731FD2BC5F00759B90 /* Resources */ = {
			isa = PBXResourcesBuildPhase;
			buildActionMask = 2147483647;
			files = (
			);
			runOnlyForDeploymentPostprocessing = 0;
		};
		D676417E1FD2BC5F00759B90 /* Resources */ = {
			isa = PBXResourcesBuildPhase;
			buildActionMask = 2147483647;
			files = (
			);
			runOnlyForDeploymentPostprocessing = 0;
		};
/* End PBXResourcesBuildPhase section */

/* Begin PBXSourcesBuildPhase section */
		D676415D1FD2BC5F00759B90 /* Sources */ = {
			isa = PBXSourcesBuildPhase;
			buildActionMask = 2147483647;
			files = (
				D67641671FD2BC5F00759B90 /* ViewController.swift in Sources */,
				D67641651FD2BC5F00759B90 /* AppDelegate.swift in Sources */,
			);
			runOnlyForDeploymentPostprocessing = 0;
		};
		D67641711FD2BC5F00759B90 /* Sources */ = {
			isa = PBXSourcesBuildPhase;
			buildActionMask = 2147483647;
			files = (
				D676417A1FD2BC5F00759B90 /* VirtualTouristTests.swift in Sources */,
			);
			runOnlyForDeploymentPostprocessing = 0;
		};
		D676417C1FD2BC5F00759B90 /* Sources */ = {
			isa = PBXSourcesBuildPhase;
			buildActionMask = 2147483647;
			files = (
				D67641851FD2BC5F00759B90 /* VirtualTouristUITests.swift in Sources */,
			);
			runOnlyForDeploymentPostprocessing = 0;
		};
/* End PBXSourcesBuildPhase section */

/* Begin PBXTargetDependency section */
		D67641771FD2BC5F00759B90 /* PBXTargetDependency */ = {
			isa = PBXTargetDependency;
			target = D67641601FD2BC5F00759B90 /* VirtualTourist */;
			targetProxy = D67641761FD2BC5F00759B90 /* PBXContainerItemProxy */;
		};
		D67641821FD2BC5F00759B90 /* PBXTargetDependency */ = {
			isa = PBXTargetDependency;
			target = D67641601FD2BC5F00759B90 /* VirtualTourist */;
			targetProxy = D67641811FD2BC5F00759B90 /* PBXContainerItemProxy */;
		};
/* End PBXTargetDependency section */

/* Begin PBXVariantGroup section */
		D67641681FD2BC5F00759B90 /* Main.storyboard */ = {
			isa = PBXVariantGroup;
			children = (
				D67641691FD2BC5F00759B90 /* Base */,
			);
			name = Main.storyboard;
			sourceTree = "<group>";
		};
		D676416D1FD2BC5F00759B90 /* LaunchScreen.storyboard */ = {
			isa = PBXVariantGroup;
			children = (
				D676416E1FD2BC5F00759B90 /* Base */,
			);
			name = LaunchScreen.storyboard;
			sourceTree = "<group>";
		};
/* End PBXVariantGroup section */

/* Begin XCBuildConfiguration section */
		D67641871FD2BC5F00759B90 /* Debug */ = {
			isa = XCBuildConfiguration;
			buildSettings = {
				ALWAYS_SEARCH_USER_PATHS = NO;
				CLANG_ANALYZER_NONNULL = YES;
				CLANG_ANALYZER_NUMBER_OBJECT_CONVERSION = YES_AGGRESSIVE;
				CLANG_CXX_LANGUAGE_STANDARD = "gnu++14";
				CLANG_CXX_LIBRARY = "libc++";
				CLANG_ENABLE_MODULES = YES;
				CLANG_ENABLE_OBJC_ARC = YES;
				CLANG_WARN_BLOCK_CAPTURE_AUTORELEASING = YES;
				CLANG_WARN_BOOL_CONVERSION = YES;
				CLANG_WARN_COMMA = YES;
				CLANG_WARN_CONSTANT_CONVERSION = YES;
				CLANG_WARN_DIRECT_OBJC_ISA_USAGE = YES_ERROR;
				CLANG_WARN_DOCUMENTATION_COMMENTS = YES;
				CLANG_WARN_EMPTY_BODY = YES;
				CLANG_WARN_ENUM_CONVERSION = YES;
				CLANG_WARN_INFINITE_RECURSION = YES;
				CLANG_WARN_INT_CONVERSION = YES;
				CLANG_WARN_NON_LITERAL_NULL_CONVERSION = YES;
				CLANG_WARN_OBJC_LITERAL_CONVERSION = YES;
				CLANG_WARN_OBJC_ROOT_CLASS = YES_ERROR;
				CLANG_WARN_RANGE_LOOP_ANALYSIS = YES;
				CLANG_WARN_STRICT_PROTOTYPES = YES;
				CLANG_WARN_SUSPICIOUS_MOVE = YES;
				CLANG_WARN_UNGUARDED_AVAILABILITY = YES_AGGRESSIVE;
				CLANG_WARN_UNREACHABLE_CODE = YES;
				CLANG_WARN__DUPLICATE_METHOD_MATCH = YES;
				CODE_SIGN_IDENTITY = "iPhone Developer";
				COPY_PHASE_STRIP = NO;
				DEBUG_INFORMATION_FORMAT = dwarf;
				ENABLE_STRICT_OBJC_MSGSEND = YES;
				ENABLE_TESTABILITY = YES;
				GCC_C_LANGUAGE_STANDARD = gnu11;
				GCC_DYNAMIC_NO_PIC = NO;
				GCC_NO_COMMON_BLOCKS = YES;
				GCC_OPTIMIZATION_LEVEL = 0;
				GCC_PREPROCESSOR_DEFINITIONS = (
					"DEBUG=1",
					"$(inherited)",
				);
				GCC_WARN_64_TO_32_BIT_CONVERSION = YES;
				GCC_WARN_ABOUT_RETURN_TYPE = YES_ERROR;
				GCC_WARN_UNDECLARED_SELECTOR = YES;
				GCC_WARN_UNINITIALIZED_AUTOS = YES_AGGRESSIVE;
				GCC_WARN_UNUSED_FUNCTION = YES;
				GCC_WARN_UNUSED_VARIABLE = YES;
				IPHONEOS_DEPLOYMENT_TARGET = 11.1;
				MTL_ENABLE_DEBUG_INFO = YES;
				ONLY_ACTIVE_ARCH = YES;
				SDKROOT = iphoneos;
				SWIFT_ACTIVE_COMPILATION_CONDITIONS = DEBUG;
				SWIFT_OPTIMIZATION_LEVEL = "-Onone";
			};
			name = Debug;
		};
		D67641881FD2BC5F00759B90 /* Release */ = {
			isa = XCBuildConfiguration;
			buildSettings = {
				ALWAYS_SEARCH_USER_PATHS = NO;
				CLANG_ANALYZER_NONNULL = YES;
				CLANG_ANALYZER_NUMBER_OBJECT_CONVERSION = YES_AGGRESSIVE;
				CLANG_CXX_LANGUAGE_STANDARD = "gnu++14";
				CLANG_CXX_LIBRARY = "libc++";
				CLANG_ENABLE_MODULES = YES;
				CLANG_ENABLE_OBJC_ARC = YES;
				CLANG_WARN_BLOCK_CAPTURE_AUTORELEASING = YES;
				CLANG_WARN_BOOL_CONVERSION = YES;
				CLANG_WARN_COMMA = YES;
				CLANG_WARN_CONSTANT_CONVERSION = YES;
				CLANG_WARN_DIRECT_OBJC_ISA_USAGE = YES_ERROR;
				CLANG_WARN_DOCUMENTATION_COMMENTS = YES;
				CLANG_WARN_EMPTY_BODY = YES;
				CLANG_WARN_ENUM_CONVERSION = YES;
				CLANG_WARN_INFINITE_RECURSION = YES;
				CLANG_WARN_INT_CONVERSION = YES;
				CLANG_WARN_NON_LITERAL_NULL_CONVERSION = YES;
				CLANG_WARN_OBJC_LITERAL_CONVERSION = YES;
				CLANG_WARN_OBJC_ROOT_CLASS = YES_ERROR;
				CLANG_WARN_RANGE_LOOP_ANALYSIS = YES;
				CLANG_WARN_STRICT_PROTOTYPES = YES;
				CLANG_WARN_SUSPICIOUS_MOVE = YES;
				CLANG_WARN_UNGUARDED_AVAILABILITY = YES_AGGRESSIVE;
				CLANG_WARN_UNREACHABLE_CODE = YES;
				CLANG_WARN__DUPLICATE_METHOD_MATCH = YES;
				CODE_SIGN_IDENTITY = "iPhone Developer";
				COPY_PHASE_STRIP = NO;
				DEBUG_INFORMATION_FORMAT = "dwarf-with-dsym";
				ENABLE_NS_ASSERTIONS = NO;
				ENABLE_STRICT_OBJC_MSGSEND = YES;
				GCC_C_LANGUAGE_STANDARD = gnu11;
				GCC_NO_COMMON_BLOCKS = YES;
				GCC_WARN_64_TO_32_BIT_CONVERSION = YES;
				GCC_WARN_ABOUT_RETURN_TYPE = YES_ERROR;
				GCC_WARN_UNDECLARED_SELECTOR = YES;
				GCC_WARN_UNINITIALIZED_AUTOS = YES_AGGRESSIVE;
				GCC_WARN_UNUSED_FUNCTION = YES;
				GCC_WARN_UNUSED_VARIABLE = YES;
				IPHONEOS_DEPLOYMENT_TARGET = 11.1;
				MTL_ENABLE_DEBUG_INFO = NO;
				SDKROOT = iphoneos;
				SWIFT_OPTIMIZATION_LEVEL = "-Owholemodule";
				VALIDATE_PRODUCT = YES;
			};
			name = Release;
		};
		D676418A1FD2BC5F00759B90 /* Debug */ = {
			isa = XCBuildConfiguration;
			buildSettings = {
				ASSETCATALOG_COMPILER_APPICON_NAME = AppIcon;
				CODE_SIGN_STYLE = Automatic;
				INFOPLIST_FILE = VirtualTourist/Info.plist;
				LD_RUNPATH_SEARCH_PATHS = "$(inherited) @executable_path/Frameworks";
				PRODUCT_BUNDLE_IDENTIFIER = DelfyetteDesigns.VirtualTourist;
				PRODUCT_NAME = "$(TARGET_NAME)";
				SWIFT_VERSION = 4.0;
				TARGETED_DEVICE_FAMILY = "1,2";
			};
			name = Debug;
		};
		D676418B1FD2BC5F00759B90 /* Release */ = {
			isa = XCBuildConfiguration;
			buildSettings = {
				ASSETCATALOG_COMPILER_APPICON_NAME = AppIcon;
				CODE_SIGN_STYLE = Automatic;
				INFOPLIST_FILE = VirtualTourist/Info.plist;
				LD_RUNPATH_SEARCH_PATHS = "$(inherited) @executable_path/Frameworks";
				PRODUCT_BUNDLE_IDENTIFIER = DelfyetteDesigns.VirtualTourist;
				PRODUCT_NAME = "$(TARGET_NAME)";
				SWIFT_VERSION = 4.0;
				TARGETED_DEVICE_FAMILY = "1,2";
			};
			name = Release;
		};
		D676418D1FD2BC5F00759B90 /* Debug */ = {
			isa = XCBuildConfiguration;
			buildSettings = {
				ALWAYS_EMBED_SWIFT_STANDARD_LIBRARIES = YES;
				BUNDLE_LOADER = "$(TEST_HOST)";
				CODE_SIGN_STYLE = Automatic;
				INFOPLIST_FILE = VirtualTouristTests/Info.plist;
				LD_RUNPATH_SEARCH_PATHS = "$(inherited) @executable_path/Frameworks @loader_path/Frameworks";
				PRODUCT_BUNDLE_IDENTIFIER = DelfyetteDesigns.VirtualTouristTests;
				PRODUCT_NAME = "$(TARGET_NAME)";
				SWIFT_VERSION = 4.0;
				TARGETED_DEVICE_FAMILY = "1,2";
				TEST_HOST = "$(BUILT_PRODUCTS_DIR)/VirtualTourist.app/VirtualTourist";
			};
			name = Debug;
		};
		D676418E1FD2BC5F00759B90 /* Release */ = {
			isa = XCBuildConfiguration;
			buildSettings = {
				ALWAYS_EMBED_SWIFT_STANDARD_LIBRARIES = YES;
				BUNDLE_LOADER = "$(TEST_HOST)";
				CODE_SIGN_STYLE = Automatic;
				INFOPLIST_FILE = VirtualTouristTests/Info.plist;
				LD_RUNPATH_SEARCH_PATHS = "$(inherited) @executable_path/Frameworks @loader_path/Frameworks";
				PRODUCT_BUNDLE_IDENTIFIER = DelfyetteDesigns.VirtualTouristTests;
				PRODUCT_NAME = "$(TARGET_NAME)";
				SWIFT_VERSION = 4.0;
				TARGETED_DEVICE_FAMILY = "1,2";
				TEST_HOST = "$(BUILT_PRODUCTS_DIR)/VirtualTourist.app/VirtualTourist";
			};
			name = Release;
		};
		D67641901FD2BC5F00759B90 /* Debug */ = {
			isa = XCBuildConfiguration;
			buildSettings = {
				ALWAYS_EMBED_SWIFT_STANDARD_LIBRARIES = YES;
				CODE_SIGN_STYLE = Automatic;
				INFOPLIST_FILE = VirtualTouristUITests/Info.plist;
				LD_RUNPATH_SEARCH_PATHS = "$(inherited) @executable_path/Frameworks @loader_path/Frameworks";
				PRODUCT_BUNDLE_IDENTIFIER = DelfyetteDesigns.VirtualTouristUITests;
				PRODUCT_NAME = "$(TARGET_NAME)";
				SWIFT_VERSION = 4.0;
				TARGETED_DEVICE_FAMILY = "1,2";
				TEST_TARGET_NAME = VirtualTourist;
			};
			name = Debug;
		};
		D67641911FD2BC5F00759B90 /* Release */ = {
			isa = XCBuildConfiguration;
			buildSettings = {
				ALWAYS_EMBED_SWIFT_STANDARD_LIBRARIES = YES;
				CODE_SIGN_STYLE = Automatic;
				INFOPLIST_FILE = VirtualTouristUITests/Info.plist;
				LD_RUNPATH_SEARCH_PATHS = "$(inherited) @executable_path/Frameworks @loader_path/Frameworks";
				PRODUCT_BUNDLE_IDENTIFIER = DelfyetteDesigns.VirtualTouristUITests;
				PRODUCT_NAME = "$(TARGET_NAME)";
				SWIFT_VERSION = 4.0;
				TARGETED_DEVICE_FAMILY = "1,2";
				TEST_TARGET_NAME = VirtualTourist;
			};
			name = Release;
		};
/* End XCBuildConfiguration section */

/* Begin XCConfigurationList section */
		D676415C1FD2BC5F00759B90 /* Build configuration list for PBXProject "VirtualTourist" */ = {
			isa = XCConfigurationList;
			buildConfigurations = (
				D67641871FD2BC5F00759B90 /* Debug */,
				D67641881FD2BC5F00759B90 /* Release */,
			);
			defaultConfigurationIsVisible = 0;
			defaultConfigurationName = Release;
		};
		D67641891FD2BC5F00759B90 /* Build configuration list for PBXNativeTarget "VirtualTourist" */ = {
			isa = XCConfigurationList;
			buildConfigurations = (
				D676418A1FD2BC5F00759B90 /* Debug */,
				D676418B1FD2BC5F00759B90 /* Release */,
			);
			defaultConfigurationIsVisible = 0;
			defaultConfigurationName = Release;
		};
		D676418C1FD2BC5F00759B90 /* Build configuration list for PBXNativeTarget "VirtualTouristTests" */ = {
			isa = XCConfigurationList;
			buildConfigurations = (
				D676418D1FD2BC5F00759B90 /* Debug */,
				D676418E1FD2BC5F00759B90 /* Release */,
			);
			defaultConfigurationIsVisible = 0;
			defaultConfigurationName = Release;
		};
		D676418F1FD2BC5F00759B90 /* Build configuration list for PBXNativeTarget "VirtualTouristUITests" */ = {
			isa = XCConfigurationList;
			buildConfigurations = (
				D67641901FD2BC5F00759B90 /* Debug */,
				D67641911FD2BC5F00759B90 /* Release */,
			);
			defaultConfigurationIsVisible = 0;
			defaultConfigurationName = Release;
		};
/* End XCConfigurationList section */
	};
	rootObject = D67641591FD2BC5F00759B90 /* Project object */;
}
